
Microsoft Visual Studio Solution File, Format Version 12.00
# Visual Studio Version 17
VisualStudioVersion = 17.8.34525.116
MinimumVisualStudioVersion = 10.0.40219.1
Project("{FAE04EC0-301F-11D3-BF4B-00C04F79EFBC}") = "ProyectoBDD", "negocioPapeleria\ProyectoBDD.csproj", "{47736054-CB95-4897-904A-ACFEBDDC4B2F}"
EndProject
Global
	GlobalSection(SolutionConfigurationPlatforms) = preSolution
		Debug|Any CPU = Debug|Any CPU
		Release|Any CPU = Release|Any CPU
	EndGlobalSection
	GlobalSection(ProjectConfigurationPlatforms) = postSolution
		{47736054-CB95-4897-904A-ACFEBDDC4B2F}.Debug|Any CPU.ActiveCfg = Debug|Any CPU
		{47736054-CB95-4897-904A-ACFEBDDC4B2F}.Debug|Any CPU.Build.0 = Debug|Any CPU
		{47736054-CB95-4897-904A-ACFEBDDC4B2F}.Release|Any CPU.ActiveCfg = Release|Any CPU
		{47736054-CB95-4897-904A-ACFEBDDC4B2F}.Release|Any CPU.Build.0 = Release|Any CPU
	EndGlobalSection
	GlobalSection(SolutionProperties) = preSolution
		HideSolutionNode = FALSE
	EndGlobalSection
	GlobalSection(ExtensibilityGlobals) = postSolution
		SolutionGuid = {90DBCC0C-D12B-444C-A839-7E2F96486F5E}
	EndGlobalSection
EndGlobal
